
Microsoft Visual Studio Solution File, Format Version 12.00
# Visual Studio Version 17
VisualStudioVersion = 17.8.34330.188
MinimumVisualStudioVersion = 10.0.40219.1
Project("{FAE04EC0-301F-11D3-BF4B-00C04F79EFBC}") = "Arrays#2", "Arrays#2.csproj", "{D21F4CF5-7DEC-4F57-8BEC-02548CE688D8}"
EndProject
Global
	GlobalSection(SolutionConfigurationPlatforms) = preSolution
		Debug|Any CPU = Debug|Any CPU
		Release|Any CPU = Release|Any CPU
	EndGlobalSection
	GlobalSection(ProjectConfigurationPlatforms) = postSolution
		{D21F4CF5-7DEC-4F57-8BEC-02548CE688D8}.Debug|Any CPU.ActiveCfg = Debug|Any CPU
		{D21F4CF5-7DEC-4F57-8BEC-02548CE688D8}.Debug|Any CPU.Build.0 = Debug|Any CPU
		{D21F4CF5-7DEC-4F57-8BEC-02548CE688D8}.Release|Any CPU.ActiveCfg = Release|Any CPU
		{D21F4CF5-7DEC-4F57-8BEC-02548CE688D8}.Release|Any CPU.Build.0 = Release|Any CPU
	EndGlobalSection
	GlobalSection(SolutionProperties) = preSolution
		HideSolutionNode = FALSE
	EndGlobalSection
	GlobalSection(ExtensibilityGlobals) = postSolution
		SolutionGuid = {E5914C07-E4E2-484D-98E7-FDE0C18F0930}
	EndGlobalSection
EndGlobal
